
Microsoft Visual Studio Solution File, Format Version 12.00
# Visual Studio Version 17
VisualStudioVersion = 17.3.32929.385
MinimumVisualStudioVersion = 10.0.40219.1
Project("{FAE04EC0-301F-11D3-BF4B-00C04F79EFBC}") = "tarzbebe", "tarzbebe\tarzbebe.csproj", "{0EDAC874-52BE-4E95-8EEE-AEC6B04A7F0C}"
EndProject
Global
	GlobalSection(SolutionConfigurationPlatforms) = preSolution
		Debug|Any CPU = Debug|Any CPU
		Release|Any CPU = Release|Any CPU
	EndGlobalSection
	GlobalSection(ProjectConfigurationPlatforms) = postSolution
		{0EDAC874-52BE-4E95-8EEE-AEC6B04A7F0C}.Debug|Any CPU.ActiveCfg = Debug|Any CPU
		{0EDAC874-52BE-4E95-8EEE-AEC6B04A7F0C}.Debug|Any CPU.Build.0 = Debug|Any CPU
		{0EDAC874-52BE-4E95-8EEE-AEC6B04A7F0C}.Release|Any CPU.ActiveCfg = Release|Any CPU
		{0EDAC874-52BE-4E95-8EEE-AEC6B04A7F0C}.Release|Any CPU.Build.0 = Release|Any CPU
	EndGlobalSection
	GlobalSection(SolutionProperties) = preSolution
		HideSolutionNode = FALSE
	EndGlobalSection
	GlobalSection(ExtensibilityGlobals) = postSolution
		SolutionGuid = {4253F411-9565-4CF6-9BC8-3CFB778FE555}
	EndGlobalSection
EndGlobal
